
Microsoft Visual Studio Solution File, Format Version 12.00
# Visual Studio 15
VisualStudioVersion = 15.0.26730.16
MinimumVisualStudioVersion = 10.0.40219.1
Project("{FAE04EC0-301F-11D3-BF4B-00C04F79EFBC}") = "Task1", "Task1\Task1.csproj", "{31CA88D5-491F-4660-96E4-0BD7DCAF8CCA}"
EndProject
Global
	GlobalSection(SolutionConfigurationPlatforms) = preSolution
		Debug|Any CPU = Debug|Any CPU
		Release|Any CPU = Release|Any CPU
	EndGlobalSection
	GlobalSection(ProjectConfigurationPlatforms) = postSolution
		{31CA88D5-491F-4660-96E4-0BD7DCAF8CCA}.Debug|Any CPU.ActiveCfg = Debug|Any CPU
		{31CA88D5-491F-4660-96E4-0BD7DCAF8CCA}.Debug|Any CPU.Build.0 = Debug|Any CPU
		{31CA88D5-491F-4660-96E4-0BD7DCAF8CCA}.Release|Any CPU.ActiveCfg = Release|Any CPU
		{31CA88D5-491F-4660-96E4-0BD7DCAF8CCA}.Release|Any CPU.Build.0 = Release|Any CPU
	EndGlobalSection
	GlobalSection(SolutionProperties) = preSolution
		HideSolutionNode = FALSE
	EndGlobalSection
	GlobalSection(ExtensibilityGlobals) = postSolution
		SolutionGuid = {14FDA6A8-2A9B-4C34-8365-28AD2B866D9F}
	EndGlobalSection
EndGlobal
